
Microsoft Visual Studio Solution File, Format Version 12.00
# Visual Studio Version 17
VisualStudioVersion = 17.0.31903.59
MinimumVisualStudioVersion = 10.0.40219.1
Project("{FAE04EC0-301F-11D3-BF4B-00C04F79EFBC}") = "Dima.Core", "Dima.Core\Dima.Core.csproj", "{38E238D8-E374-4562-B0FF-203A38506CDB}"
EndProject
Project("{FAE04EC0-301F-11D3-BF4B-00C04F79EFBC}") = "Dima.Api", "Dima.Api\Dima.Api.csproj", "{702FA5D8-BF37-4ADC-8F82-4193DFDA2BC6}"
EndProject
Project("{FAE04EC0-301F-11D3-BF4B-00C04F79EFBC}") = "Dima.Web", "Dima.Web\Dima.Web.csproj", "{65D2CE7C-60C9-4A23-857D-25A10BF29801}"
EndProject
Global
	GlobalSection(SolutionConfigurationPlatforms) = preSolution
		Debug|Any CPU = Debug|Any CPU
		Release|Any CPU = Release|Any CPU
	EndGlobalSection
	GlobalSection(SolutionProperties) = preSolution
		HideSolutionNode = FALSE
	EndGlobalSection
	GlobalSection(ProjectConfigurationPlatforms) = postSolution
		{38E238D8-E374-4562-B0FF-203A38506CDB}.Debug|Any CPU.ActiveCfg = Debug|Any CPU
		{38E238D8-E374-4562-B0FF-203A38506CDB}.Debug|Any CPU.Build.0 = Debug|Any CPU
		{38E238D8-E374-4562-B0FF-203A38506CDB}.Release|Any CPU.ActiveCfg = Release|Any CPU
		{38E238D8-E374-4562-B0FF-203A38506CDB}.Release|Any CPU.Build.0 = Release|Any CPU
		{702FA5D8-BF37-4ADC-8F82-4193DFDA2BC6}.Debug|Any CPU.ActiveCfg = Debug|Any CPU
		{702FA5D8-BF37-4ADC-8F82-4193DFDA2BC6}.Debug|Any CPU.Build.0 = Debug|Any CPU
		{702FA5D8-BF37-4ADC-8F82-4193DFDA2BC6}.Release|Any CPU.ActiveCfg = Release|Any CPU
		{702FA5D8-BF37-4ADC-8F82-4193DFDA2BC6}.Release|Any CPU.Build.0 = Release|Any CPU
		{65D2CE7C-60C9-4A23-857D-25A10BF29801}.Debug|Any CPU.ActiveCfg = Debug|Any CPU
		{65D2CE7C-60C9-4A23-857D-25A10BF29801}.Debug|Any CPU.Build.0 = Debug|Any CPU
		{65D2CE7C-60C9-4A23-857D-25A10BF29801}.Release|Any CPU.ActiveCfg = Release|Any CPU
		{65D2CE7C-60C9-4A23-857D-25A10BF29801}.Release|Any CPU.Build.0 = Release|Any CPU
	EndGlobalSection
EndGlobal
